# @generated - this file is auto-generated by `mise lock` https://mise.jdx.dev/dev-tools/mise-lock.html

lockfile_version = 2

[[tools."github:victor-software-house/qctl"]]
version = "0.4.2"
backend = "github:victor-software-house/qctl"
specifiers = ["0.4.2"]

[tools."github:victor-software-house/qctl"."platforms.linux-x64"]
checksum = "sha256:eab5f06bb0730fb74830d06b13a365c36a8dae79d7d6da45cf7c30dc60147968"
url = "https://github.com/victor-software-house/qctl/releases/download/v0.4.2/qctl_0.4.2_linux_x64.tar.gz"
url_api = "https://api.github.com/repos/victor-software-house/qctl/releases/assets/560432418"

[tools."github:victor-software-house/qctl"."platforms.macos-arm64"]
checksum = "sha256:bb09cb3944c7edce30d51200f9b3faca6477abde29bca259f098446a1a4432f2"
url = "https://github.com/victor-software-house/qctl/releases/download/v0.4.2/qctl_0.4.2_macos_arm64.tar.gz"
url_api = "https://api.github.com/repos/victor-software-house/qctl/releases/assets/560432318"

[[tools."github:victor-software-house/verctl"]]
version = "0.2.3"
backend = "github:victor-software-house/verctl"
specifiers = ["0.2.3"]

[tools."github:victor-software-house/verctl"."platforms.linux-x64"]
checksum = "sha256:aeed0e0f1a2ae8c217503d82d5385199a870ab3cbd0a9060c7c1d0bbcc963998"
url = "https://github.com/victor-software-house/verctl/releases/download/v0.2.3/verctl_0.2.3_linux_x64.tar.gz"
url_api = "https://api.github.com/repos/victor-software-house/verctl/releases/assets/525441353"

[tools."github:victor-software-house/verctl"."platforms.macos-arm64"]
checksum = "sha256:8b47ca0de2dcbf267da0b1d7cd2bcb7264a2e2327fa6a23299238aee2c86e0f5"
url = "https://github.com/victor-software-house/verctl/releases/download/v0.2.3/verctl_0.2.3_macos_arm64.tar.gz"
url_api = "https://api.github.com/repos/victor-software-house/verctl/releases/assets/525441639"
