# @generated - this file is auto-generated by `mise lock` https://mise.jdx.dev/dev-tools/mise-lock.html

lockfile_version = 2

[[tools."github:victor-software-house/qctl"]]
version = "0.4.2"
backend = "github:victor-software-house/qctl"
specifiers = ["0.4.2"]

[tools."github:victor-software-house/qctl"."platforms.linux-x64"]
checksum = "sha256:eab5f06bb0730fb74830d06b13a365c36a8dae79d7d6da45cf7c30dc60147968"
url = "https://github.com/victor-software-house/qctl/releases/download/v0.4.2/qctl_0.4.2_linux_x64.tar.gz"
url_api = "https://api.github.com/repos/victor-software-house/qctl/releases/assets/560432418"

[tools."github:victor-software-house/qctl"."platforms.macos-arm64"]
checksum = "sha256:bb09cb3944c7edce30d51200f9b3faca6477abde29bca259f098446a1a4432f2"
url = "https://github.com/victor-software-house/qctl/releases/download/v0.4.2/qctl_0.4.2_macos_arm64.tar.gz"
url_api = "https://api.github.com/repos/victor-software-house/qctl/releases/assets/560432318"
