# @generated - this file is auto-generated by `mise lock` https://mise.jdx.dev/dev-tools/mise-lock.html

lockfile_version = 2

[[tools."github:victor-software-house/qctl"]]
version = "0.4.4"
backend = "github:victor-software-house/qctl"
specifiers = ["0.4.4"]

[tools."github:victor-software-house/qctl"."platforms.linux-x64"]
checksum = "sha256:1bf045b16e2116b9a18cff86dc4066534439472a49d8b3891b07db5512c16a60"
url = "https://github.com/victor-software-house/qctl/releases/download/v0.4.4/qctl_0.4.4_linux_x64.tar.gz"
url_api = "https://api.github.com/repos/victor-software-house/qctl/releases/assets/584951917"

[tools."github:victor-software-house/qctl"."platforms.macos-arm64"]
checksum = "sha256:b0664ed2290eff61fed7d81c8f72a0be818ba1a49e6f24a1d04eddb5b4a96dee"
url = "https://github.com/victor-software-house/qctl/releases/download/v0.4.4/qctl_0.4.4_macos_arm64.tar.gz"
url_api = "https://api.github.com/repos/victor-software-house/qctl/releases/assets/584953069"
